// !$*UTF8*$!
{
	archiveVersion = 1;
	classes = {
	};
	objectVersion = 46;
	objects = {

/* Begin PBXBuildFile section */
		150B774E1A3F3BF70012AAB4 /* Localizable.strings in Resources */ = {isa = PBXBuildFile; fileRef = 150B77501A3F3BF70012AAB4 /* Localizable.strings */; };
		1528B0E51A12D00800FBC18A /* AppDelegate.swift in Sources */ = {isa = PBXBuildFile; fileRef = 1528B0E41A12D00800FBC18A /* AppDelegate.swift */; };
		1528B0E71A12D00800FBC18A /* ViewController.swift in Sources */ = {isa = PBXBuildFile; fileRef = 1528B0E61A12D00800FBC18A /* ViewController.swift */; };
		1528B0EA1A12D00800FBC18A /* Main.storyboard in Resources */ = {isa = PBXBuildFile; fileRef = 1528B0E81A12D00800FBC18A /* Main.storyboard */; };
		1528B0EC1A12D00800FBC18A /* Images.xcassets in Resources */ = {isa = PBXBuildFile; fileRef = 1528B0EB1A12D00800FBC18A /* Images.xcassets */; };
		1528B0EF1A12D00800FBC18A /* LaunchScreen.xib in Resources */ = {isa = PBXBuildFile; fileRef = 1528B0ED1A12D00800FBC18A /* LaunchScreen.xib */; };
		1528B0FB1A12D00800FBC18A /* PragmaticTweetsTests.swift in Sources */ = {isa = PBXBuildFile; fileRef = 1528B0FA1A12D00800FBC18A /* PragmaticTweetsTests.swift */; };
		15FEAE7A1A44723A00CFC4C2 /* ParsedTweet.swift in Sources */ = {isa = PBXBuildFile; fileRef = 15FEAE791A44723A00CFC4C2 /* ParsedTweet.swift */; };
/* End PBXBuildFile section */

/* Begin PBXContainerItemProxy section */
		1528B0F51A12D00800FBC18A /* PBXContainerItemProxy */ = {
			isa = PBXContainerItemProxy;
			containerPortal = 1528B0D71A12D00800FBC18A /* Project object */;
			proxyType = 1;
			remoteGlobalIDString = 1528B0DE1A12D00800FBC18A;
			remoteInfo = PragmaticTweets;
		};
/* End PBXContainerItemProxy section */

/* Begin PBXFileReference section */
		150B774A1A3F39300012AAB4 /* fr */ = {isa = PBXFileReference; lastKnownFileType = text.plist.strings; name = fr; path = fr.lproj/Main.strings; sourceTree = "<group>"; };
		150B774B1A3F39300012AAB4 /* fr */ = {isa = PBXFileReference; lastKnownFileType = text.plist.strings; name = fr; path = fr.lproj/LaunchScreen.strings; sourceTree = "<group>"; };
		150B774F1A3F3BF70012AAB4 /* Base */ = {isa = PBXFileReference; lastKnownFileType = text.plist.strings; name = Base; path = Base.lproj/Localizable.strings; sourceTree = "<group>"; };
		150B77511A3F3C040012AAB4 /* fr */ = {isa = PBXFileReference; lastKnownFileType = text.plist.strings; name = fr; path = fr.lproj/Localizable.strings; sourceTree = "<group>"; };
		1528B0DF1A12D00800FBC18A /* PragmaticTweets.app */ = {isa = PBXFileReference; explicitFileType = wrapper.application; includeInIndex = 0; path = PragmaticTweets.app; sourceTree = BUILT_PRODUCTS_DIR; };
		1528B0E31A12D00800FBC18A /* Info.plist */ = {isa = PBXFileReference; lastKnownFileType = text.plist.xml; path = Info.plist; sourceTree = "<group>"; };
		1528B0E41A12D00800FBC18A /* AppDelegate.swift */ = {isa = PBXFileReference; lastKnownFileType = sourcecode.swift; path = AppDelegate.swift; sourceTree = "<group>"; };
		1528B0E61A12D00800FBC18A /* ViewController.swift */ = {isa = PBXFileReference; lastKnownFileType = sourcecode.swift; path = ViewController.swift; sourceTree = "<group>"; };
		1528B0E91A12D00800FBC18A /* Base */ = {isa = PBXFileReference; lastKnownFileType = file.storyboard; name = Base; path = Base.lproj/Main.storyboard; sourceTree = "<group>"; };
		1528B0EB1A12D00800FBC18A /* Images.xcassets */ = {isa = PBXFileReference; lastKnownFileType = folder.assetcatalog; path = Images.xcassets; sourceTree = "<group>"; };
		1528B0EE1A12D00800FBC18A /* Base */ = {isa = PBXFileReference; lastKnownFileType = file.xib; name = Base; path = Base.lproj/LaunchScreen.xib; sourceTree = "<group>"; };
		1528B0F41A12D00800FBC18A /* PragmaticTweetsTests.xctest */ = {isa = PBXFileReference; explicitFileType = wrapper.cfbundle; includeInIndex = 0; path = PragmaticTweetsTests.xctest; sourceTree = BUILT_PRODUCTS_DIR; };
		1528B0F91A12D00800FBC18A /* Info.plist */ = {isa = PBXFileReference; lastKnownFileType = text.plist.xml; path = Info.plist; sourceTree = "<group>"; };
		1528B0FA1A12D00800FBC18A /* PragmaticTweetsTests.swift */ = {isa = PBXFileReference; lastKnownFileType = sourcecode.swift; path = PragmaticTweetsTests.swift; sourceTree = "<group>"; };
		15FEAE791A44723A00CFC4C2 /* ParsedTweet.swift */ = {isa = PBXFileReference; fileEncoding = 4; lastKnownFileType = sourcecode.swift; name = ParsedTweet.swift; path = ../ParsedTweet.swift; sourceTree = "<group>"; };
/* End PBXFileReference section */

/* Begin PBXFrameworksBuildPhase section */
		1528B0DC1A12D00800FBC18A /* Frameworks */ = {
			isa = PBXFrameworksBuildPhase;
			buildActionMask = 2147483647;
			files = (
			);
			runOnlyForDeploymentPostprocessing = 0;
		};
		1528B0F11A12D00800FBC18A /* Frameworks */ = {
			isa = PBXFrameworksBuildPhase;
			buildActionMask = 2147483647;
			files = (
			);
			runOnlyForDeploymentPostprocessing = 0;
		};
/* End PBXFrameworksBuildPhase section */

/* Begin PBXGroup section */
		1528B0D61A12D00800FBC18A = {
			isa = PBXGroup;
			children = (
				1528B0E11A12D00800FBC18A /* PragmaticTweets */,
				1528B0F71A12D00800FBC18A /* PragmaticTweetsTests */,
				1528B0E01A12D00800FBC18A /* Products */,
			);
			sourceTree = "<group>";
		};
		1528B0E01A12D00800FBC18A /* Products */ = {
			isa = PBXGroup;
			children = (
				1528B0DF1A12D00800FBC18A /* PragmaticTweets.app */,
				1528B0F41A12D00800FBC18A /* PragmaticTweetsTests.xctest */,
			);
			name = Products;
			sourceTree = "<group>";
		};
		1528B0E11A12D00800FBC18A /* PragmaticTweets */ = {
			isa = PBXGroup;
			children = (
				15FEAE791A44723A00CFC4C2 /* ParsedTweet.swift */,
				1528B0E41A12D00800FBC18A /* AppDelegate.swift */,
				1528B0E61A12D00800FBC18A /* ViewController.swift */,
				1528B0E81A12D00800FBC18A /* Main.storyboard */,
				1528B0EB1A12D00800FBC18A /* Images.xcassets */,
				1528B0ED1A12D00800FBC18A /* LaunchScreen.xib */,
				1528B0E21A12D00800FBC18A /* Supporting Files */,
			);
			path = PragmaticTweets;
			sourceTree = "<group>";
		};
		1528B0E21A12D00800FBC18A /* Supporting Files */ = {
			isa = PBXGroup;
			children = (
				1528B0E31A12D00800FBC18A /* Info.plist */,
				150B77501A3F3BF70012AAB4 /* Localizable.strings */,
			);
			name = "Supporting Files";
			sourceTree = "<group>";
		};
		1528B0F71A12D00800FBC18A /* PragmaticTweetsTests */ = {
			isa = PBXGroup;
			children = (
				1528B0FA1A12D00800FBC18A /* PragmaticTweetsTests.swift */,
				1528B0F81A12D00800FBC18A /* Supporting Files */,
			);
			path = PragmaticTweetsTests;
			sourceTree = "<group>";
		};
		1528B0F81A12D00800FBC18A /* Supporting Files */ = {
			isa = PBXGroup;
			children = (
				1528B0F91A12D00800FBC18A /* Info.plist */,
			);
			name = "Supporting Files";
			sourceTree = "<group>";
		};
/* End PBXGroup section */

/* Begin PBXNativeTarget section */
		1528B0DE1A12D00800FBC18A /* PragmaticTweets */ = {
			isa = PBXNativeTarget;
			buildConfigurationList = 1528B0FE1A12D00800FBC18A /* Build configuration list for PBXNativeTarget "PragmaticTweets" */;
			buildPhases = (
				1528B0DB1A12D00800FBC18A /* Sources */,
				1528B0DC1A12D00800FBC18A /* Frameworks */,
				1528B0DD1A12D00800FBC18A /* Resources */,
			);
			buildRules = (
			);
			dependencies = (
			);
			name = PragmaticTweets;
			productName = PragmaticTweets;
			productReference = 1528B0DF1A12D00800FBC18A /* PragmaticTweets.app */;
			productType = "com.apple.product-type.application";
		};
		1528B0F31A12D00800FBC18A /* PragmaticTweetsTests */ = {
			isa = PBXNativeTarget;
			buildConfigurationList = 1528B1011A12D00800FBC18A /* Build configuration list for PBXNativeTarget "PragmaticTweetsTests" */;
			buildPhases = (
				1528B0F01A12D00800FBC18A /* Sources */,
				1528B0F11A12D00800FBC18A /* Frameworks */,
				1528B0F21A12D00800FBC18A /* Resources */,
			);
			buildRules = (
			);
			dependencies = (
				1528B0F61A12D00800FBC18A /* PBXTargetDependency */,
			);
			name = PragmaticTweetsTests;
			productName = PragmaticTweetsTests;
			productReference = 1528B0F41A12D00800FBC18A /* PragmaticTweetsTests.xctest */;
			productType = "com.apple.product-type.bundle.unit-test";
		};
/* End PBXNativeTarget section */

/* Begin PBXProject section */
		1528B0D71A12D00800FBC18A /* Project object */ = {
			isa = PBXProject;
			attributes = {
				LastUpgradeCheck = 0610;
				ORGANIZATIONNAME = "Kevin Solorio";
				TargetAttributes = {
					1528B0DE1A12D00800FBC18A = {
						CreatedOnToolsVersion = 6.1;
					};
					1528B0F31A12D00800FBC18A = {
						CreatedOnToolsVersion = 6.1;
						TestTargetID = 1528B0DE1A12D00800FBC18A;
					};
				};
			};
			buildConfigurationList = 1528B0DA1A12D00800FBC18A /* Build configuration list for PBXProject "PragmaticTweets" */;
			compatibilityVersion = "Xcode 3.2";
			developmentRegion = English;
			hasScannedForEncodings = 0;
			knownRegions = (
				en,
				Base,
				fr,
			);
			mainGroup = 1528B0D61A12D00800FBC18A;
			productRefGroup = 1528B0E01A12D00800FBC18A /* Products */;
			projectDirPath = "";
			projectRoot = "";
			targets = (
				1528B0DE1A12D00800FBC18A /* PragmaticTweets */,
				1528B0F31A12D00800FBC18A /* PragmaticTweetsTests */,
			);
		};
/* End PBXProject section */

/* Begin PBXResourcesBuildPhase section */
		1528B0DD1A12D00800FBC18A /* Resources */ = {
			isa = PBXResourcesBuildPhase;
			buildActionMask = 2147483647;
			files = (
				1528B0EA1A12D00800FBC18A /* Main.storyboard in Resources */,
				150B774E1A3F3BF70012AAB4 /* Localizable.strings in Resources */,
				1528B0EF1A12D00800FBC18A /* LaunchScreen.xib in Resources */,
				1528B0EC1A12D00800FBC18A /* Images.xcassets in Resources */,
			);
			runOnlyForDeploymentPostprocessing = 0;
		};
		1528B0F21A12D00800FBC18A /* Resources */ = {
			isa = PBXResourcesBuildPhase;
			buildActionMask = 2147483647;
			files = (
			);
			runOnlyForDeploymentPostprocessing = 0;
		};
/* End PBXResourcesBuildPhase section */

/* Begin PBXSourcesBuildPhase section */
		1528B0DB1A12D00800FBC18A /* Sources */ = {
			isa = PBXSourcesBuildPhase;
			buildActionMask = 2147483647;
			files = (
				15FEAE7A1A44723A00CFC4C2 /* ParsedTweet.swift in Sources */,
				1528B0E71A12D00800FBC18A /* ViewController.swift in Sources */,
				1528B0E51A12D00800FBC18A /* AppDelegate.swift in Sources */,
			);
			runOnlyForDeploymentPostprocessing = 0;
		};
		1528B0F01A12D00800FBC18A /* Sources */ = {
			isa = PBXSourcesBuildPhase;
			buildActionMask = 2147483647;
			files = (
				1528B0FB1A12D00800FBC18A /* PragmaticTweetsTests.swift in Sources */,
			);
			runOnlyForDeploymentPostprocessing = 0;
		};
/* End PBXSourcesBuildPhase section */

/* Begin PBXTargetDependency section */
		1528B0F61A12D00800FBC18A /* PBXTargetDependency */ = {
			isa = PBXTargetDependency;
			target = 1528B0DE1A12D00800FBC18A /* PragmaticTweets */;
			targetProxy = 1528B0F51A12D00800FBC18A /* PBXContainerItemProxy */;
		};
/* End PBXTargetDependency section */

/* Begin PBXVariantGroup section */
		150B77501A3F3BF70012AAB4 /* Localizable.strings */ = {
			isa = PBXVariantGroup;
			children = (
				150B774F1A3F3BF70012AAB4 /* Base */,
				150B77511A3F3C040012AAB4 /* fr */,
			);
			name = Localizable.strings;
			sourceTree = "<group>";
		};
		1528B0E81A12D00800FBC18A /* Main.storyboard */ = {
			isa = PBXVariantGroup;
			children = (
				1528B0E91A12D00800FBC18A /* Base */,
				150B774A1A3F39300012AAB4 /* fr */,
			);
			name = Main.storyboard;
			sourceTree = "<group>";
		};
		1528B0ED1A12D00800FBC18A /* LaunchScreen.xib */ = {
			isa = PBXVariantGroup;
			children = (
				1528B0EE1A12D00800FBC18A /* Base */,
				150B774B1A3F39300012AAB4 /* fr */,
			);
			name = LaunchScreen.xib;
			sourceTree = "<group>";
		};
/* End PBXVariantGroup section */

/* Begin XCBuildConfiguration section */
		1528B0FC1A12D00800FBC18A /* Debug */ = {
			isa = XCBuildConfiguration;
			buildSettings = {
				ALWAYS_SEARCH_USER_PATHS = NO;
				CLANG_CXX_LANGUAGE_STANDARD = "gnu++0x";
				CLANG_CXX_LIBRARY = "libc++";
				CLANG_ENABLE_MODULES = YES;
				CLANG_ENABLE_OBJC_ARC = YES;
				CLANG_WARN_BOOL_CONVERSION = YES;
				CLANG_WARN_CONSTANT_CONVERSION = YES;
				CLANG_WARN_DIRECT_OBJC_ISA_USAGE = YES_ERROR;
				CLANG_WARN_EMPTY_BODY = YES;
				CLANG_WARN_ENUM_CONVERSION = YES;
				CLANG_WARN_INT_CONVERSION = YES;
				CLANG_WARN_OBJC_ROOT_CLASS = YES_ERROR;
				CLANG_WARN_UNREACHABLE_CODE = YES;
				CLANG_WARN__DUPLICATE_METHOD_MATCH = YES;
				"CODE_SIGN_IDENTITY[sdk=iphoneos*]" = "iPhone Developer";
				COPY_PHASE_STRIP = NO;
				ENABLE_STRICT_OBJC_MSGSEND = YES;
				GCC_C_LANGUAGE_STANDARD = gnu99;
				GCC_DYNAMIC_NO_PIC = NO;
				GCC_OPTIMIZATION_LEVEL = 0;
				GCC_PREPROCESSOR_DEFINITIONS = (
					"DEBUG=1",
					"$(inherited)",
				);
				GCC_SYMBOLS_PRIVATE_EXTERN = NO;
				GCC_WARN_64_TO_32_BIT_CONVERSION = YES;
				GCC_WARN_ABOUT_RETURN_TYPE = YES_ERROR;
				GCC_WARN_UNDECLARED_SELECTOR = YES;
				GCC_WARN_UNINITIALIZED_AUTOS = YES_AGGRESSIVE;
				GCC_WARN_UNUSED_FUNCTION = YES;
				GCC_WARN_UNUSED_VARIABLE = YES;
				IPHONEOS_DEPLOYMENT_TARGET = 8.1;
				MTL_ENABLE_DEBUG_INFO = YES;
				ONLY_ACTIVE_ARCH = YES;
				SDKROOT = iphoneos;
				SWIFT_OPTIMIZATION_LEVEL = "-Onone";
				TARGETED_DEVICE_FAMILY = "1,2";
			};
			name = Debug;
		};
		1528B0FD1A12D00800FBC18A /* Release */ = {
			isa = XCBuildConfiguration;
			buildSettings = {
				ALWAYS_SEARCH_USER_PATHS = NO;
				CLANG_CXX_LANGUAGE_STANDARD = "gnu++0x";
				CLANG_CXX_LIBRARY = "libc++";
				CLANG_ENABLE_MODULES = YES;
				CLANG_ENABLE_OBJC_ARC = YES;
				CLANG_WARN_BOOL_CONVERSION = YES;
				CLANG_WARN_CONSTANT_CONVERSION = YES;
				CLANG_WARN_DIRECT_OBJC_ISA_USAGE = YES_ERROR;
				CLANG_WARN_EMPTY_BODY = YES;
				CLANG_WARN_ENUM_CONVERSION = YES;
				CLANG_WARN_INT_CONVERSION = YES;
				CLANG_WARN_OBJC_ROOT_CLASS = YES_ERROR;
				CLANG_WARN_UNREACHABLE_CODE = YES;
				CLANG_WARN__DUPLICATE_METHOD_MATCH = YES;
				"CODE_SIGN_IDENTITY[sdk=iphoneos*]" = "iPhone Developer";
				COPY_PHASE_STRIP = YES;
				ENABLE_NS_ASSERTIONS = NO;
				ENABLE_STRICT_OBJC_MSGSEND = YES;
				GCC_C_LANGUAGE_STANDARD = gnu99;
				GCC_WARN_64_TO_32_BIT_CONVERSION = YES;
				GCC_WARN_ABOUT_RETURN_TYPE = YES_ERROR;
				GCC_WARN_UNDECLARED_SELECTOR = YES;
				GCC_WARN_UNINITIALIZED_AUTOS = YES_AGGRESSIVE;
				GCC_WARN_UNUSED_FUNCTION = YES;
				GCC_WARN_UNUSED_VARIABLE = YES;
				IPHONEOS_DEPLOYMENT_TARGET = 8.1;
				MTL_ENABLE_DEBUG_INFO = NO;
				SDKROOT = iphoneos;
				TARGETED_DEVICE_FAMILY = "1,2";
				VALIDATE_PRODUCT = YES;
			};
			name = Release;
		};
		1528B0FF1A12D00800FBC18A /* Debug */ = {
			isa = XCBuildConfiguration;
			buildSettings = {
				ASSETCATALOG_COMPILER_APPICON_NAME = AppIcon;
				INFOPLIST_FILE = PragmaticTweets/Info.plist;
				LD_RUNPATH_SEARCH_PATHS = "$(inherited) @executable_path/Frameworks";
				PRODUCT_NAME = "$(TARGET_NAME)";
			};
			name = Debug;
		};
		1528B1001A12D00800FBC18A /* Release */ = {
			isa = XCBuildConfiguration;
			buildSettings = {
				ASSETCATALOG_COMPILER_APPICON_NAME = AppIcon;
				INFOPLIST_FILE = PragmaticTweets/Info.plist;
				LD_RUNPATH_SEARCH_PATHS = "$(inherited) @executable_path/Frameworks";
				PRODUCT_NAME = "$(TARGET_NAME)";
			};
			name = Release;
		};
		1528B1021A12D00800FBC18A /* Debug */ = {
			isa = XCBuildConfiguration;
			buildSettings = {
				BUNDLE_LOADER = "$(TEST_HOST)";
				FRAMEWORK_SEARCH_PATHS = (
					"$(SDKROOT)/Developer/Library/Frameworks",
					"$(inherited)",
				);
				GCC_PREPROCESSOR_DEFINITIONS = (
					"DEBUG=1",
					"$(inherited)",
				);
				INFOPLIST_FILE = PragmaticTweetsTests/Info.plist;
				LD_RUNPATH_SEARCH_PATHS = "$(inherited) @executable_path/Frameworks @loader_path/Frameworks";
				PRODUCT_NAME = "$(TARGET_NAME)";
				TEST_HOST = "$(BUILT_PRODUCTS_DIR)/PragmaticTweets.app/PragmaticTweets";
			};
			name = Debug;
		};
		1528B1031A12D00800FBC18A /* Release */ = {
			isa = XCBuildConfiguration;
			buildSettings = {
				BUNDLE_LOADER = "$(TEST_HOST)";
				FRAMEWORK_SEARCH_PATHS = (
					"$(SDKROOT)/Developer/Library/Frameworks",
					"$(inherited)",
				);
				INFOPLIST_FILE = PragmaticTweetsTests/Info.plist;
				LD_RUNPATH_SEARCH_PATHS = "$(inherited) @executable_path/Frameworks @loader_path/Frameworks";
				PRODUCT_NAME = "$(TARGET_NAME)";
				TEST_HOST = "$(BUILT_PRODUCTS_DIR)/PragmaticTweets.app/PragmaticTweets";
			};
			name = Release;
		};
/* End XCBuildConfiguration section */

/* Begin XCConfigurationList section */
		1528B0DA1A12D00800FBC18A /* Build configuration list for PBXProject "PragmaticTweets" */ = {
			isa = XCConfigurationList;
			buildConfigurations = (
				1528B0FC1A12D00800FBC18A /* Debug */,
				1528B0FD1A12D00800FBC18A /* Release */,
			);
			defaultConfigurationIsVisible = 0;
			defaultConfigurationName = Release;
		};
		1528B0FE1A12D00800FBC18A /* Build configuration list for PBXNativeTarget "PragmaticTweets" */ = {
			isa = XCConfigurationList;
			buildConfigurations = (
				1528B0FF1A12D00800FBC18A /* Debug */,
				1528B1001A12D00800FBC18A /* Release */,
			);
			defaultConfigurationIsVisible = 0;
			defaultConfigurationName = Release;
		};
		1528B1011A12D00800FBC18A /* Build configuration list for PBXNativeTarget "PragmaticTweetsTests" */ = {
			isa = XCConfigurationList;
			buildConfigurations = (
				1528B1021A12D00800FBC18A /* Debug */,
				1528B1031A12D00800FBC18A /* Release */,
			);
			defaultConfigurationIsVisible = 0;
			defaultConfigurationName = Release;
		};
/* End XCConfigurationList section */
	};
	rootObject = 1528B0D71A12D00800FBC18A /* Project object */;
}
